// !$*UTF8*$!
{
	archiveVersion = 1;
	classes = {
	};
	objectVersion = 56;
	objects = {

/* Begin PBXBuildFile section */
		E8D02F572B71C86B0044A155 /* AppDelegate.swift in Sources */ = {isa = PBXBuildFile; fileRef = E8D02F562B71C86B0044A155 /* AppDelegate.swift */; };
		E8D02F592B71C86B0044A155 /* SceneDelegate.swift in Sources */ = {isa = PBXBuildFile; fileRef = E8D02F582B71C86B0044A155 /* SceneDelegate.swift */; };
		E8D02F5B2B71C86B0044A155 /* ViewController.swift in Sources */ = {isa = PBXBuildFile; fileRef = E8D02F5A2B71C86B0044A155 /* ViewController.swift */; };
		E8D02F602B71C86D0044A155 /* Assets.xcassets in Resources */ = {isa = PBXBuildFile; fileRef = E8D02F5F2B71C86D0044A155 /* Assets.xcassets */; };
		E8D02F632B71C86D0044A155 /* LaunchScreen.storyboard in Resources */ = {isa = PBXBuildFile; fileRef = E8D02F612B71C86D0044A155 /* LaunchScreen.storyboard */; };
		E8D02F6C2B71C8870044A155 /* Users.xcdatamodeld in Sources */ = {isa = PBXBuildFile; fileRef = E8D02F6A2B71C8870044A155 /* Users.xcdatamodeld */; };
		E8D02F722B71CA870044A155 /* CoreDataManager.swift in Sources */ = {isa = PBXBuildFile; fileRef = E8D02F712B71CA870044A155 /* CoreDataManager.swift */; };
		E8D02F792B71D2280044A155 /* Users+CoreDataClass.swift in Sources */ = {isa = PBXBuildFile; fileRef = E8D02F772B71D2280044A155 /* Users+CoreDataClass.swift */; };
		E8D02F7A2B71D2280044A155 /* Users+CoreDataProperties.swift in Sources */ = {isa = PBXBuildFile; fileRef = E8D02F782B71D2280044A155 /* Users+CoreDataProperties.swift */; };
/* End PBXBuildFile section */

/* Begin PBXFileReference section */
		E8D02F532B71C86B0044A155 /* TIL_CoreData.app */ = {isa = PBXFileReference; explicitFileType = wrapper.application; includeInIndex = 0; path = TIL_CoreData.app; sourceTree = BUILT_PRODUCTS_DIR; };
		E8D02F562B71C86B0044A155 /* AppDelegate.swift */ = {isa = PBXFileReference; lastKnownFileType = sourcecode.swift; path = AppDelegate.swift; sourceTree = "<group>"; };
		E8D02F582B71C86B0044A155 /* SceneDelegate.swift */ = {isa = PBXFileReference; lastKnownFileType = sourcecode.swift; path = SceneDelegate.swift; sourceTree = "<group>"; };
		E8D02F5A2B71C86B0044A155 /* ViewController.swift */ = {isa = PBXFileReference; lastKnownFileType = sourcecode.swift; path = ViewController.swift; sourceTree = "<group>"; };
		E8D02F5F2B71C86D0044A155 /* Assets.xcassets */ = {isa = PBXFileReference; lastKnownFileType = folder.assetcatalog; path = Assets.xcassets; sourceTree = "<group>"; };
		E8D02F622B71C86D0044A155 /* Base */ = {isa = PBXFileReference; lastKnownFileType = file.storyboard; name = Base; path = Base.lproj/LaunchScreen.storyboard; sourceTree = "<group>"; };
		E8D02F642B71C86D0044A155 /* Info.plist */ = {isa = PBXFileReference; lastKnownFileType = text.plist.xml; path = Info.plist; sourceTree = "<group>"; };
		E8D02F6B2B71C8870044A155 /* Users.xcdatamodel */ = {isa = PBXFileReference; lastKnownFileType = wrapper.xcdatamodel; path = Users.xcdatamodel; sourceTree = "<group>"; };
		E8D02F712B71CA870044A155 /* CoreDataManager.swift */ = {isa = PBXFileReference; lastKnownFileType = sourcecode.swift; path = CoreDataManager.swift; sourceTree = "<group>"; };
		E8D02F772B71D2280044A155 /* Users+CoreDataClass.swift */ = {isa = PBXFileReference; lastKnownFileType = sourcecode.swift; name = "Users+CoreDataClass.swift"; path = "TIL_CoreData/Users+CoreDataClass.swift"; sourceTree = "<group>"; };
		E8D02F782B71D2280044A155 /* Users+CoreDataProperties.swift */ = {isa = PBXFileReference; lastKnownFileType = sourcecode.swift; name = "Users+CoreDataProperties.swift"; path = "TIL_CoreData/Users+CoreDataProperties.swift"; sourceTree = "<group>"; };
/* End PBXFileReference section */

/* Begin PBXFrameworksBuildPhase section */
		E8D02F502B71C86B0044A155 /* Frameworks */ = {
			isa = PBXFrameworksBuildPhase;
			buildActionMask = 2147483647;
			files = (
			);
			runOnlyForDeploymentPostprocessing = 0;
		};
/* End PBXFrameworksBuildPhase section */

/* Begin PBXGroup section */
		E8D02F4A2B71C86B0044A155 = {
			isa = PBXGroup;
			children = (
				E8D02F772B71D2280044A155 /* Users+CoreDataClass.swift */,
				E8D02F782B71D2280044A155 /* Users+CoreDataProperties.swift */,
				E8D02F552B71C86B0044A155 /* TIL_CoreData */,
				E8D02F542B71C86B0044A155 /* Products */,
			);
			sourceTree = "<group>";
		};
		E8D02F542B71C86B0044A155 /* Products */ = {
			isa = PBXGroup;
			children = (
				E8D02F532B71C86B0044A155 /* TIL_CoreData.app */,
			);
			name = Products;
			sourceTree = "<group>";
		};
		E8D02F552B71C86B0044A155 /* TIL_CoreData */ = {
			isa = PBXGroup;
			children = (
				E8D02F562B71C86B0044A155 /* AppDelegate.swift */,
				E8D02F582B71C86B0044A155 /* SceneDelegate.swift */,
				E8D02F712B71CA870044A155 /* CoreDataManager.swift */,
				E8D02F5A2B71C86B0044A155 /* ViewController.swift */,
				E8D02F5F2B71C86D0044A155 /* Assets.xcassets */,
				E8D02F612B71C86D0044A155 /* LaunchScreen.storyboard */,
				E8D02F642B71C86D0044A155 /* Info.plist */,
				E8D02F6A2B71C8870044A155 /* Users.xcdatamodeld */,
			);
			path = TIL_CoreData;
			sourceTree = "<group>";
		};
/* End PBXGroup section */

/* Begin PBXNativeTarget section */
		E8D02F522B71C86B0044A155 /* TIL_CoreData */ = {
			isa = PBXNativeTarget;
			buildConfigurationList = E8D02F672B71C86D0044A155 /* Build configuration list for PBXNativeTarget "TIL_CoreData" */;
			buildPhases = (
				E8D02F4F2B71C86B0044A155 /* Sources */,
				E8D02F502B71C86B0044A155 /* Frameworks */,
				E8D02F512B71C86B0044A155 /* Resources */,
			);
			buildRules = (
			);
			dependencies = (
			);
			name = TIL_CoreData;
			productName = TIL_CoreData;
			productReference = E8D02F532B71C86B0044A155 /* TIL_CoreData.app */;
			productType = "com.apple.product-type.application";
		};
/* End PBXNativeTarget section */

/* Begin PBXProject section */
		E8D02F4B2B71C86B0044A155 /* Project object */ = {
			isa = PBXProject;
			attributes = {
				BuildIndependentTargetsInParallel = 1;
				LastSwiftUpdateCheck = 1520;
				LastUpgradeCheck = 1520;
				TargetAttributes = {
					E8D02F522B71C86B0044A155 = {
						CreatedOnToolsVersion = 15.2;
					};
				};
			};
			buildConfigurationList = E8D02F4E2B71C86B0044A155 /* Build configuration list for PBXProject "TIL_CoreData" */;
			compatibilityVersion = "Xcode 14.0";
			developmentRegion = en;
			hasScannedForEncodings = 0;
			knownRegions = (
				en,
				Base,
			);
			mainGroup = E8D02F4A2B71C86B0044A155;
			productRefGroup = E8D02F542B71C86B0044A155 /* Products */;
			projectDirPath = "";
			projectRoot = "";
			targets = (
				E8D02F522B71C86B0044A155 /* TIL_CoreData */,
			);
		};
/* End PBXProject section */

/* Begin PBXResourcesBuildPhase section */
		E8D02F512B71C86B0044A155 /* Resources */ = {
			isa = PBXResourcesBuildPhase;
			buildActionMask = 2147483647;
			files = (
				E8D02F632B71C86D0044A155 /* LaunchScreen.storyboard in Resources */,
				E8D02F602B71C86D0044A155 /* Assets.xcassets in Resources */,
			);
			runOnlyForDeploymentPostprocessing = 0;
		};
/* End PBXResourcesBuildPhase section */

/* Begin PBXSourcesBuildPhase section */
		E8D02F4F2B71C86B0044A155 /* Sources */ = {
			isa = PBXSourcesBuildPhase;
			buildActionMask = 2147483647;
			files = (
				E8D02F6C2B71C8870044A155 /* Users.xcdatamodeld in Sources */,
				E8D02F5B2B71C86B0044A155 /* ViewController.swift in Sources */,
				E8D02F792B71D2280044A155 /* Users+CoreDataClass.swift in Sources */,
				E8D02F722B71CA870044A155 /* CoreDataManager.swift in Sources */,
				E8D02F7A2B71D2280044A155 /* Users+CoreDataProperties.swift in Sources */,
				E8D02F572B71C86B0044A155 /* AppDelegate.swift in Sources */,
				E8D02F592B71C86B0044A155 /* SceneDelegate.swift in Sources */,
			);
			runOnlyForDeploymentPostprocessing = 0;
		};
/* End PBXSourcesBuildPhase section */

/* Begin PBXVariantGroup section */
		E8D02F612B71C86D0044A155 /* LaunchScreen.storyboard */ = {
			isa = PBXVariantGroup;
			children = (
				E8D02F622B71C86D0044A155 /* Base */,
			);
			name = LaunchScreen.storyboard;
			sourceTree = "<group>";
		};
/* End PBXVariantGroup section */

/* Begin XCBuildConfiguration section */
		E8D02F652B71C86D0044A155 /* Debug */ = {
			isa = XCBuildConfiguration;
			buildSettings = {
				ALWAYS_SEARCH_USER_PATHS = NO;
				ASSETCATALOG_COMPILER_GENERATE_SWIFT_ASSET_SYMBOL_EXTENSIONS = YES;
				CLANG_ANALYZER_NONNULL = YES;
				CLANG_ANALYZER_NUMBER_OBJECT_CONVERSION = YES_AGGRESSIVE;
				CLANG_CXX_LANGUAGE_STANDARD = "gnu++20";
				CLANG_ENABLE_MODULES = YES;
				CLANG_ENABLE_OBJC_ARC = YES;
				CLANG_ENABLE_OBJC_WEAK = YES;
				CLANG_WARN_BLOCK_CAPTURE_AUTORELEASING = YES;
				CLANG_WARN_BOOL_CONVERSION = YES;
				CLANG_WARN_COMMA = YES;
				CLANG_WARN_CONSTANT_CONVERSION = YES;
				CLANG_WARN_DEPRECATED_OBJC_IMPLEMENTATIONS = YES;
				CLANG_WARN_DIRECT_OBJC_ISA_USAGE = YES_ERROR;
				CLANG_WARN_DOCUMENTATION_COMMENTS = YES;
				CLANG_WARN_EMPTY_BODY = YES;
				CLANG_WARN_ENUM_CONVERSION = YES;
				CLANG_WARN_INFINITE_RECURSION = YES;
				CLANG_WARN_INT_CONVERSION = YES;
				CLANG_WARN_NON_LITERAL_NULL_CONVERSION = YES;
				CLANG_WARN_OBJC_IMPLICIT_RETAIN_SELF = YES;
				CLANG_WARN_OBJC_LITERAL_CONVERSION = YES;
				CLANG_WARN_OBJC_ROOT_CLASS = YES_ERROR;
				CLANG_WARN_QUOTED_INCLUDE_IN_FRAMEWORK_HEADER = YES;
				CLANG_WARN_RANGE_LOOP_ANALYSIS = YES;
				CLANG_WARN_STRICT_PROTOTYPES = YES;
				CLANG_WARN_SUSPICIOUS_MOVE = YES;
				CLANG_WARN_UNGUARDED_AVAILABILITY = YES_AGGRESSIVE;
				CLANG_WARN_UNREACHABLE_CODE = YES;
				CLANG_WARN__DUPLICATE_METHOD_MATCH = YES;
				COPY_PHASE_STRIP = NO;
				DEBUG_INFORMATION_FORMAT = dwarf;
				ENABLE_STRICT_OBJC_MSGSEND = YES;
				ENABLE_TESTABILITY = YES;
				ENABLE_USER_SCRIPT_SANDBOXING = YES;
				GCC_C_LANGUAGE_STANDARD = gnu17;
				GCC_DYNAMIC_NO_PIC = NO;
				GCC_NO_COMMON_BLOCKS = YES;
				GCC_OPTIMIZATION_LEVEL = 0;
				GCC_PREPROCESSOR_DEFINITIONS = (
					"DEBUG=1",
					"$(inherited)",
				);
				GCC_WARN_64_TO_32_BIT_CONVERSION = YES;
				GCC_WARN_ABOUT_RETURN_TYPE = YES_ERROR;
				GCC_WARN_UNDECLARED_SELECTOR = YES;
				GCC_WARN_UNINITIALIZED_AUTOS = YES_AGGRESSIVE;
				GCC_WARN_UNUSED_FUNCTION = YES;
				GCC_WARN_UNUSED_VARIABLE = YES;
				IPHONEOS_DEPLOYMENT_TARGET = 17.2;
				LOCALIZATION_PREFERS_STRING_CATALOGS = YES;
				MTL_ENABLE_DEBUG_INFO = INCLUDE_SOURCE;
				MTL_FAST_MATH = YES;
				ONLY_ACTIVE_ARCH = YES;
				SDKROOT = iphoneos;
				SWIFT_ACTIVE_COMPILATION_CONDITIONS = "DEBUG $(inherited)";
				SWIFT_OPTIMIZATION_LEVEL = "-Onone";
			};
			name = Debug;
		};
		E8D02F662B71C86D0044A155 /* Release */ = {
			isa = XCBuildConfiguration;
			buildSettings = {
				ALWAYS_SEARCH_USER_PATHS = NO;
				ASSETCATALOG_COMPILER_GENERATE_SWIFT_ASSET_SYMBOL_EXTENSIONS = YES;
				CLANG_ANALYZER_NONNULL = YES;
				CLANG_ANALYZER_NUMBER_OBJECT_CONVERSION = YES_AGGRESSIVE;
				CLANG_CXX_LANGUAGE_STANDARD = "gnu++20";
				CLANG_ENABLE_MODULES = YES;
				CLANG_ENABLE_OBJC_ARC = YES;
				CLANG_ENABLE_OBJC_WEAK = YES;
				CLANG_WARN_BLOCK_CAPTURE_AUTORELEASING = YES;
				CLANG_WARN_BOOL_CONVERSION = YES;
				CLANG_WARN_COMMA = YES;
				CLANG_WARN_CONSTANT_CONVERSION = YES;
				CLANG_WARN_DEPRECATED_OBJC_IMPLEMENTATIONS = YES;
				CLANG_WARN_DIRECT_OBJC_ISA_USAGE = YES_ERROR;
				CLANG_WARN_DOCUMENTATION_COMMENTS = YES;
				CLANG_WARN_EMPTY_BODY = YES;
				CLANG_WARN_ENUM_CONVERSION = YES;
				CLANG_WARN_INFINITE_RECURSION = YES;
				CLANG_WARN_INT_CONVERSION = YES;
				CLANG_WARN_NON_LITERAL_NULL_CONVERSION = YES;
				CLANG_WARN_OBJC_IMPLICIT_RETAIN_SELF = YES;
				CLANG_WARN_OBJC_LITERAL_CONVERSION = YES;
				CLANG_WARN_OBJC_ROOT_CLASS = YES_ERROR;
				CLANG_WARN_QUOTED_INCLUDE_IN_FRAMEWORK_HEADER = YES;
				CLANG_WARN_RANGE_LOOP_ANALYSIS = YES;
				CLANG_WARN_STRICT_PROTOTYPES = YES;
				CLANG_WARN_SUSPICIOUS_MOVE = YES;
				CLANG_WARN_UNGUARDED_AVAILABILITY = YES_AGGRESSIVE;
				CLANG_WARN_UNREACHABLE_CODE = YES;
				CLANG_WARN__DUPLICATE_METHOD_MATCH = YES;
				COPY_PHASE_STRIP = NO;
				DEBUG_INFORMATION_FORMAT = "dwarf-with-dsym";
				ENABLE_NS_ASSERTIONS = NO;
				ENABLE_STRICT_OBJC_MSGSEND = YES;
				ENABLE_USER_SCRIPT_SANDBOXING = YES;
				GCC_C_LANGUAGE_STANDARD = gnu17;
				GCC_NO_COMMON_BLOCKS = YES;
				GCC_WARN_64_TO_32_BIT_CONVERSION = YES;
				GCC_WARN_ABOUT_RETURN_TYPE = YES_ERROR;
				GCC_WARN_UNDECLARED_SELECTOR = YES;
				GCC_WARN_UNINITIALIZED_AUTOS = YES_AGGRESSIVE;
				GCC_WARN_UNUSED_FUNCTION = YES;
				GCC_WARN_UNUSED_VARIABLE = YES;
				IPHONEOS_DEPLOYMENT_TARGET = 17.2;
				LOCALIZATION_PREFERS_STRING_CATALOGS = YES;
				MTL_ENABLE_DEBUG_INFO = NO;
				MTL_FAST_MATH = YES;
				SDKROOT = iphoneos;
				SWIFT_COMPILATION_MODE = wholemodule;
				VALIDATE_PRODUCT = YES;
			};
			name = Release;
		};
		E8D02F682B71C86D0044A155 /* Debug */ = {
			isa = XCBuildConfiguration;
			buildSettings = {
				ASSETCATALOG_COMPILER_APPICON_NAME = AppIcon;
				ASSETCATALOG_COMPILER_GLOBAL_ACCENT_COLOR_NAME = AccentColor;
				CODE_SIGN_STYLE = Automatic;
				CURRENT_PROJECT_VERSION = 1;
				DEVELOPMENT_TEAM = 2G5Z92682P;
				GENERATE_INFOPLIST_FILE = YES;
				INFOPLIST_FILE = TIL_CoreData/Info.plist;
				INFOPLIST_KEY_UIApplicationSupportsIndirectInputEvents = YES;
				INFOPLIST_KEY_UILaunchStoryboardName = LaunchScreen;
				INFOPLIST_KEY_UISupportedInterfaceOrientations_iPad = "UIInterfaceOrientationPortrait UIInterfaceOrientationPortraitUpsideDown UIInterfaceOrientationLandscapeLeft UIInterfaceOrientationLandscapeRight";
				INFOPLIST_KEY_UISupportedInterfaceOrientations_iPhone = "UIInterfaceOrientationPortrait UIInterfaceOrientationLandscapeLeft UIInterfaceOrientationLandscapeRight";
				LD_RUNPATH_SEARCH_PATHS = (
					"$(inherited)",
					"@executable_path/Frameworks",
				);
				MARKETING_VERSION = 1.0;
				PRODUCT_BUNDLE_IDENTIFIER = "com.MaraMincho.TIL-CoreData";
				PRODUCT_NAME = "$(TARGET_NAME)";
				SWIFT_EMIT_LOC_STRINGS = YES;
				SWIFT_VERSION = 5.0;
				TARGETED_DEVICE_FAMILY = "1,2";
			};
			name = Debug;
		};
		E8D02F692B71C86D0044A155 /* Release */ = {
			isa = XCBuildConfiguration;
			buildSettings = {
				ASSETCATALOG_COMPILER_APPICON_NAME = AppIcon;
				ASSETCATALOG_COMPILER_GLOBAL_ACCENT_COLOR_NAME = AccentColor;
				CODE_SIGN_STYLE = Automatic;
				CURRENT_PROJECT_VERSION = 1;
				DEVELOPMENT_TEAM = 2G5Z92682P;
				GENERATE_INFOPLIST_FILE = YES;
				INFOPLIST_FILE = TIL_CoreData/Info.plist;
				INFOPLIST_KEY_UIApplicationSupportsIndirectInputEvents = YES;
				INFOPLIST_KEY_UILaunchStoryboardName = LaunchScreen;
				INFOPLIST_KEY_UISupportedInterfaceOrientations_iPad = "UIInterfaceOrientationPortrait UIInterfaceOrientationPortraitUpsideDown UIInterfaceOrientationLandscapeLeft UIInterfaceOrientationLandscapeRight";
				INFOPLIST_KEY_UISupportedInterfaceOrientations_iPhone = "UIInterfaceOrientationPortrait UIInterfaceOrientationLandscapeLeft UIInterfaceOrientationLandscapeRight";
				LD_RUNPATH_SEARCH_PATHS = (
					"$(inherited)",
					"@executable_path/Frameworks",
				);
				MARKETING_VERSION = 1.0;
				PRODUCT_BUNDLE_IDENTIFIER = "com.MaraMincho.TIL-CoreData";
				PRODUCT_NAME = "$(TARGET_NAME)";
				SWIFT_EMIT_LOC_STRINGS = YES;
				SWIFT_VERSION = 5.0;
				TARGETED_DEVICE_FAMILY = "1,2";
			};
			name = Release;
		};
/* End XCBuildConfiguration section */

/* Begin XCConfigurationList section */
		E8D02F4E2B71C86B0044A155 /* Build configuration list for PBXProject "TIL_CoreData" */ = {
			isa = XCConfigurationList;
			buildConfigurations = (
				E8D02F652B71C86D0044A155 /* Debug */,
				E8D02F662B71C86D0044A155 /* Release */,
			);
			defaultConfigurationIsVisible = 0;
			defaultConfigurationName = Release;
		};
		E8D02F672B71C86D0044A155 /* Build configuration list for PBXNativeTarget "TIL_CoreData" */ = {
			isa = XCConfigurationList;
			buildConfigurations = (
				E8D02F682B71C86D0044A155 /* Debug */,
				E8D02F692B71C86D0044A155 /* Release */,
			);
			defaultConfigurationIsVisible = 0;
			defaultConfigurationName = Release;
		};
/* End XCConfigurationList section */

/* Begin XCVersionGroup section */
		E8D02F6A2B71C8870044A155 /* Users.xcdatamodeld */ = {
			isa = XCVersionGroup;
			children = (
				E8D02F6B2B71C8870044A155 /* Users.xcdatamodel */,
			);
			currentVersion = E8D02F6B2B71C8870044A155 /* Users.xcdatamodel */;
			path = Users.xcdatamodeld;
			sourceTree = "<group>";
			versionGroupType = wrapper.xcdatamodel;
		};
/* End XCVersionGroup section */
	};
	rootObject = E8D02F4B2B71C86B0044A155 /* Project object */;
}
