// !$*UTF8*$!
{
	archiveVersion = 1;
	classes = {
	};
	objectVersion = 56;
	objects = {

/* Begin PBXBuildFile section */
		E86176572BABB0480083B1D4 /* Vehicle.cpp in Sources */ = {isa = PBXBuildFile; fileRef = E86176552BABB0480083B1D4 /* Vehicle.cpp */; };
		E861765A2BABC9D40083B1D4 /* Calculator.cpp in Sources */ = {isa = PBXBuildFile; fileRef = E86176582BABC9D40083B1D4 /* Calculator.cpp */; };
		E861765D2BABCA390083B1D4 /* Adder.cpp in Sources */ = {isa = PBXBuildFile; fileRef = E861765B2BABCA390083B1D4 /* Adder.cpp */; };
		E8AE9F292BA96CA800077B04 /* main.cpp in Sources */ = {isa = PBXBuildFile; fileRef = E8AE9F282BA96CA800077B04 /* main.cpp */; };
		E8AE9F342BA979B600077B04 /* Rectangle.cpp in Sources */ = {isa = PBXBuildFile; fileRef = E8AE9F322BA979B600077B04 /* Rectangle.cpp */; };
		E8D2897D2BB4F53400D7074E /* Circle.cpp in Sources */ = {isa = PBXBuildFile; fileRef = E8D2897B2BB4F53400D7074E /* Circle.cpp */; };
/* End PBXBuildFile section */

/* Begin PBXCopyFilesBuildPhase section */
		E8AE9F232BA96CA800077B04 /* CopyFiles */ = {
			isa = PBXCopyFilesBuildPhase;
			buildActionMask = 2147483647;
			dstPath = /usr/share/man/man1/;
			dstSubfolderSpec = 0;
			files = (
			);
			runOnlyForDeploymentPostprocessing = 1;
		};
/* End PBXCopyFilesBuildPhase section */

/* Begin PBXFileReference section */
		E86176552BABB0480083B1D4 /* Vehicle.cpp */ = {isa = PBXFileReference; lastKnownFileType = sourcecode.cpp.cpp; path = Vehicle.cpp; sourceTree = "<group>"; };
		E86176562BABB0480083B1D4 /* Vehicle.hpp */ = {isa = PBXFileReference; lastKnownFileType = sourcecode.cpp.h; path = Vehicle.hpp; sourceTree = "<group>"; };
		E86176582BABC9D40083B1D4 /* Calculator.cpp */ = {isa = PBXFileReference; lastKnownFileType = sourcecode.cpp.cpp; path = Calculator.cpp; sourceTree = "<group>"; };
		E86176592BABC9D40083B1D4 /* Calculator.hpp */ = {isa = PBXFileReference; lastKnownFileType = sourcecode.cpp.h; path = Calculator.hpp; sourceTree = "<group>"; };
		E861765B2BABCA390083B1D4 /* Adder.cpp */ = {isa = PBXFileReference; lastKnownFileType = sourcecode.cpp.cpp; path = Adder.cpp; sourceTree = "<group>"; };
		E861765C2BABCA390083B1D4 /* Adder.hpp */ = {isa = PBXFileReference; lastKnownFileType = sourcecode.cpp.h; path = Adder.hpp; sourceTree = "<group>"; };
		E8AE9F252BA96CA800077B04 /* TestCpp */ = {isa = PBXFileReference; explicitFileType = "compiled.mach-o.executable"; includeInIndex = 0; path = TestCpp; sourceTree = BUILT_PRODUCTS_DIR; };
		E8AE9F282BA96CA800077B04 /* main.cpp */ = {isa = PBXFileReference; lastKnownFileType = sourcecode.cpp.cpp; path = main.cpp; sourceTree = "<group>"; };
		E8AE9F322BA979B600077B04 /* Rectangle.cpp */ = {isa = PBXFileReference; lastKnownFileType = sourcecode.cpp.cpp; path = Rectangle.cpp; sourceTree = "<group>"; };
		E8AE9F332BA979B600077B04 /* Rectangle.hpp */ = {isa = PBXFileReference; lastKnownFileType = sourcecode.cpp.h; path = Rectangle.hpp; sourceTree = "<group>"; };
		E8D2897B2BB4F53400D7074E /* Circle.cpp */ = {isa = PBXFileReference; lastKnownFileType = sourcecode.cpp.cpp; path = Circle.cpp; sourceTree = "<group>"; };
		E8D2897C2BB4F53400D7074E /* Circle.hpp */ = {isa = PBXFileReference; lastKnownFileType = sourcecode.cpp.h; path = Circle.hpp; sourceTree = "<group>"; };
/* End PBXFileReference section */

/* Begin PBXFrameworksBuildPhase section */
		E8AE9F222BA96CA800077B04 /* Frameworks */ = {
			isa = PBXFrameworksBuildPhase;
			buildActionMask = 2147483647;
			files = (
			);
			runOnlyForDeploymentPostprocessing = 0;
		};
/* End PBXFrameworksBuildPhase section */

/* Begin PBXGroup section */
		E8AE9F1C2BA96CA800077B04 = {
			isa = PBXGroup;
			children = (
				E8AE9F272BA96CA800077B04 /* TestCpp */,
				E8AE9F262BA96CA800077B04 /* Products */,
			);
			sourceTree = "<group>";
		};
		E8AE9F262BA96CA800077B04 /* Products */ = {
			isa = PBXGroup;
			children = (
				E8AE9F252BA96CA800077B04 /* TestCpp */,
			);
			name = Products;
			sourceTree = "<group>";
		};
		E8AE9F272BA96CA800077B04 /* TestCpp */ = {
			isa = PBXGroup;
			children = (
				E8AE9F282BA96CA800077B04 /* main.cpp */,
				E8D2897B2BB4F53400D7074E /* Circle.cpp */,
				E8D2897C2BB4F53400D7074E /* Circle.hpp */,
				E86176582BABC9D40083B1D4 /* Calculator.cpp */,
				E86176592BABC9D40083B1D4 /* Calculator.hpp */,
				E8AE9F322BA979B600077B04 /* Rectangle.cpp */,
				E8AE9F332BA979B600077B04 /* Rectangle.hpp */,
				E86176552BABB0480083B1D4 /* Vehicle.cpp */,
				E86176562BABB0480083B1D4 /* Vehicle.hpp */,
				E861765B2BABCA390083B1D4 /* Adder.cpp */,
				E861765C2BABCA390083B1D4 /* Adder.hpp */,
			);
			path = TestCpp;
			sourceTree = "<group>";
		};
/* End PBXGroup section */

/* Begin PBXNativeTarget section */
		E8AE9F242BA96CA800077B04 /* TestCpp */ = {
			isa = PBXNativeTarget;
			buildConfigurationList = E8AE9F2C2BA96CA800077B04 /* Build configuration list for PBXNativeTarget "TestCpp" */;
			buildPhases = (
				E8AE9F212BA96CA800077B04 /* Sources */,
				E8AE9F222BA96CA800077B04 /* Frameworks */,
				E8AE9F232BA96CA800077B04 /* CopyFiles */,
			);
			buildRules = (
			);
			dependencies = (
			);
			name = TestCpp;
			productName = TestCpp;
			productReference = E8AE9F252BA96CA800077B04 /* TestCpp */;
			productType = "com.apple.product-type.tool";
		};
/* End PBXNativeTarget section */

/* Begin PBXProject section */
		E8AE9F1D2BA96CA800077B04 /* Project object */ = {
			isa = PBXProject;
			attributes = {
				BuildIndependentTargetsInParallel = 1;
				LastUpgradeCheck = 1520;
				TargetAttributes = {
					E8AE9F242BA96CA800077B04 = {
						CreatedOnToolsVersion = 15.2;
					};
				};
			};
			buildConfigurationList = E8AE9F202BA96CA800077B04 /* Build configuration list for PBXProject "TestCpp" */;
			compatibilityVersion = "Xcode 14.0";
			developmentRegion = en;
			hasScannedForEncodings = 0;
			knownRegions = (
				en,
				Base,
			);
			mainGroup = E8AE9F1C2BA96CA800077B04;
			productRefGroup = E8AE9F262BA96CA800077B04 /* Products */;
			projectDirPath = "";
			projectRoot = "";
			targets = (
				E8AE9F242BA96CA800077B04 /* TestCpp */,
			);
		};
/* End PBXProject section */

/* Begin PBXSourcesBuildPhase section */
		E8AE9F212BA96CA800077B04 /* Sources */ = {
			isa = PBXSourcesBuildPhase;
			buildActionMask = 2147483647;
			files = (
				E861765D2BABCA390083B1D4 /* Adder.cpp in Sources */,
				E8D2897D2BB4F53400D7074E /* Circle.cpp in Sources */,
				E86176572BABB0480083B1D4 /* Vehicle.cpp in Sources */,
				E8AE9F292BA96CA800077B04 /* main.cpp in Sources */,
				E861765A2BABC9D40083B1D4 /* Calculator.cpp in Sources */,
				E8AE9F342BA979B600077B04 /* Rectangle.cpp in Sources */,
			);
			runOnlyForDeploymentPostprocessing = 0;
		};
/* End PBXSourcesBuildPhase section */

/* Begin XCBuildConfiguration section */
		E8AE9F2A2BA96CA800077B04 /* Debug */ = {
			isa = XCBuildConfiguration;
			buildSettings = {
				ALWAYS_SEARCH_USER_PATHS = NO;
				ASSETCATALOG_COMPILER_GENERATE_SWIFT_ASSET_SYMBOL_EXTENSIONS = YES;
				CLANG_ANALYZER_NONNULL = YES;
				CLANG_ANALYZER_NUMBER_OBJECT_CONVERSION = YES_AGGRESSIVE;
				CLANG_CXX_LANGUAGE_STANDARD = "gnu++20";
				CLANG_ENABLE_MODULES = YES;
				CLANG_ENABLE_OBJC_ARC = YES;
				CLANG_ENABLE_OBJC_WEAK = YES;
				CLANG_WARN_BLOCK_CAPTURE_AUTORELEASING = YES;
				CLANG_WARN_BOOL_CONVERSION = YES;
				CLANG_WARN_COMMA = YES;
				CLANG_WARN_CONSTANT_CONVERSION = YES;
				CLANG_WARN_DEPRECATED_OBJC_IMPLEMENTATIONS = YES;
				CLANG_WARN_DIRECT_OBJC_ISA_USAGE = YES_ERROR;
				CLANG_WARN_DOCUMENTATION_COMMENTS = YES;
				CLANG_WARN_EMPTY_BODY = YES;
				CLANG_WARN_ENUM_CONVERSION = YES;
				CLANG_WARN_INFINITE_RECURSION = YES;
				CLANG_WARN_INT_CONVERSION = YES;
				CLANG_WARN_NON_LITERAL_NULL_CONVERSION = YES;
				CLANG_WARN_OBJC_IMPLICIT_RETAIN_SELF = YES;
				CLANG_WARN_OBJC_LITERAL_CONVERSION = YES;
				CLANG_WARN_OBJC_ROOT_CLASS = YES_ERROR;
				CLANG_WARN_QUOTED_INCLUDE_IN_FRAMEWORK_HEADER = YES;
				CLANG_WARN_RANGE_LOOP_ANALYSIS = YES;
				CLANG_WARN_STRICT_PROTOTYPES = YES;
				CLANG_WARN_SUSPICIOUS_MOVE = YES;
				CLANG_WARN_UNGUARDED_AVAILABILITY = YES_AGGRESSIVE;
				CLANG_WARN_UNREACHABLE_CODE = YES;
				CLANG_WARN__DUPLICATE_METHOD_MATCH = YES;
				COPY_PHASE_STRIP = NO;
				DEBUG_INFORMATION_FORMAT = dwarf;
				ENABLE_STRICT_OBJC_MSGSEND = YES;
				ENABLE_TESTABILITY = YES;
				ENABLE_USER_SCRIPT_SANDBOXING = YES;
				GCC_C_LANGUAGE_STANDARD = gnu17;
				GCC_DYNAMIC_NO_PIC = NO;
				GCC_NO_COMMON_BLOCKS = YES;
				GCC_OPTIMIZATION_LEVEL = 0;
				GCC_PREPROCESSOR_DEFINITIONS = (
					"DEBUG=1",
					"$(inherited)",
				);
				GCC_WARN_64_TO_32_BIT_CONVERSION = YES;
				GCC_WARN_ABOUT_RETURN_TYPE = YES_ERROR;
				GCC_WARN_UNDECLARED_SELECTOR = YES;
				GCC_WARN_UNINITIALIZED_AUTOS = YES_AGGRESSIVE;
				GCC_WARN_UNUSED_FUNCTION = YES;
				GCC_WARN_UNUSED_VARIABLE = YES;
				LOCALIZATION_PREFERS_STRING_CATALOGS = YES;
				MACOSX_DEPLOYMENT_TARGET = 14.2;
				MTL_ENABLE_DEBUG_INFO = INCLUDE_SOURCE;
				MTL_FAST_MATH = YES;
				ONLY_ACTIVE_ARCH = YES;
				SDKROOT = macosx;
			};
			name = Debug;
		};
		E8AE9F2B2BA96CA800077B04 /* Release */ = {
			isa = XCBuildConfiguration;
			buildSettings = {
				ALWAYS_SEARCH_USER_PATHS = NO;
				ASSETCATALOG_COMPILER_GENERATE_SWIFT_ASSET_SYMBOL_EXTENSIONS = YES;
				CLANG_ANALYZER_NONNULL = YES;
				CLANG_ANALYZER_NUMBER_OBJECT_CONVERSION = YES_AGGRESSIVE;
				CLANG_CXX_LANGUAGE_STANDARD = "gnu++20";
				CLANG_ENABLE_MODULES = YES;
				CLANG_ENABLE_OBJC_ARC = YES;
				CLANG_ENABLE_OBJC_WEAK = YES;
				CLANG_WARN_BLOCK_CAPTURE_AUTORELEASING = YES;
				CLANG_WARN_BOOL_CONVERSION = YES;
				CLANG_WARN_COMMA = YES;
				CLANG_WARN_CONSTANT_CONVERSION = YES;
				CLANG_WARN_DEPRECATED_OBJC_IMPLEMENTATIONS = YES;
				CLANG_WARN_DIRECT_OBJC_ISA_USAGE = YES_ERROR;
				CLANG_WARN_DOCUMENTATION_COMMENTS = YES;
				CLANG_WARN_EMPTY_BODY = YES;
				CLANG_WARN_ENUM_CONVERSION = YES;
				CLANG_WARN_INFINITE_RECURSION = YES;
				CLANG_WARN_INT_CONVERSION = YES;
				CLANG_WARN_NON_LITERAL_NULL_CONVERSION = YES;
				CLANG_WARN_OBJC_IMPLICIT_RETAIN_SELF = YES;
				CLANG_WARN_OBJC_LITERAL_CONVERSION = YES;
				CLANG_WARN_OBJC_ROOT_CLASS = YES_ERROR;
				CLANG_WARN_QUOTED_INCLUDE_IN_FRAMEWORK_HEADER = YES;
				CLANG_WARN_RANGE_LOOP_ANALYSIS = YES;
				CLANG_WARN_STRICT_PROTOTYPES = YES;
				CLANG_WARN_SUSPICIOUS_MOVE = YES;
				CLANG_WARN_UNGUARDED_AVAILABILITY = YES_AGGRESSIVE;
				CLANG_WARN_UNREACHABLE_CODE = YES;
				CLANG_WARN__DUPLICATE_METHOD_MATCH = YES;
				COPY_PHASE_STRIP = NO;
				DEBUG_INFORMATION_FORMAT = "dwarf-with-dsym";
				ENABLE_NS_ASSERTIONS = NO;
				ENABLE_STRICT_OBJC_MSGSEND = YES;
				ENABLE_USER_SCRIPT_SANDBOXING = YES;
				GCC_C_LANGUAGE_STANDARD = gnu17;
				GCC_NO_COMMON_BLOCKS = YES;
				GCC_WARN_64_TO_32_BIT_CONVERSION = YES;
				GCC_WARN_ABOUT_RETURN_TYPE = YES_ERROR;
				GCC_WARN_UNDECLARED_SELECTOR = YES;
				GCC_WARN_UNINITIALIZED_AUTOS = YES_AGGRESSIVE;
				GCC_WARN_UNUSED_FUNCTION = YES;
				GCC_WARN_UNUSED_VARIABLE = YES;
				LOCALIZATION_PREFERS_STRING_CATALOGS = YES;
				MACOSX_DEPLOYMENT_TARGET = 14.2;
				MTL_ENABLE_DEBUG_INFO = NO;
				MTL_FAST_MATH = YES;
				SDKROOT = macosx;
			};
			name = Release;
		};
		E8AE9F2D2BA96CA800077B04 /* Debug */ = {
			isa = XCBuildConfiguration;
			buildSettings = {
				CODE_SIGN_STYLE = Automatic;
				PRODUCT_NAME = "$(TARGET_NAME)";
			};
			name = Debug;
		};
		E8AE9F2E2BA96CA800077B04 /* Release */ = {
			isa = XCBuildConfiguration;
			buildSettings = {
				CODE_SIGN_STYLE = Automatic;
				PRODUCT_NAME = "$(TARGET_NAME)";
			};
			name = Release;
		};
/* End XCBuildConfiguration section */

/* Begin XCConfigurationList section */
		E8AE9F202BA96CA800077B04 /* Build configuration list for PBXProject "TestCpp" */ = {
			isa = XCConfigurationList;
			buildConfigurations = (
				E8AE9F2A2BA96CA800077B04 /* Debug */,
				E8AE9F2B2BA96CA800077B04 /* Release */,
			);
			defaultConfigurationIsVisible = 0;
			defaultConfigurationName = Release;
		};
		E8AE9F2C2BA96CA800077B04 /* Build configuration list for PBXNativeTarget "TestCpp" */ = {
			isa = XCConfigurationList;
			buildConfigurations = (
				E8AE9F2D2BA96CA800077B04 /* Debug */,
				E8AE9F2E2BA96CA800077B04 /* Release */,
			);
			defaultConfigurationIsVisible = 0;
			defaultConfigurationName = Release;
		};
/* End XCConfigurationList section */
	};
	rootObject = E8AE9F1D2BA96CA800077B04 /* Project object */;
}
