// !$*UTF8*$!
{
	archiveVersion = 1;
	classes = {
	};
	objectVersion = 77;
	objects = {

/* Begin PBXContainerItemProxy section */
		E8C5B4ED2D1EE4D60020799C /* PBXContainerItemProxy */ = {
			isa = PBXContainerItemProxy;
			containerPortal = E8C5B4D42D1EE4D40020799C /* Project object */;
			proxyType = 1;
			remoteGlobalIDString = E8C5B4DB2D1EE4D40020799C;
			remoteInfo = EscapingVsNonEscaping;
		};
		E8C5B4F72D1EE4D60020799C /* PBXContainerItemProxy */ = {
			isa = PBXContainerItemProxy;
			containerPortal = E8C5B4D42D1EE4D40020799C /* Project object */;
			proxyType = 1;
			remoteGlobalIDString = E8C5B4DB2D1EE4D40020799C;
			remoteInfo = EscapingVsNonEscaping;
		};
/* End PBXContainerItemProxy section */

/* Begin PBXFileReference section */
		E8C5B4DC2D1EE4D40020799C /* EscapingVsNonEscaping.app */ = {isa = PBXFileReference; explicitFileType = wrapper.application; includeInIndex = 0; path = EscapingVsNonEscaping.app; sourceTree = BUILT_PRODUCTS_DIR; };
		E8C5B4EC2D1EE4D60020799C /* EscapingVsNonEscapingTests.xctest */ = {isa = PBXFileReference; explicitFileType = wrapper.cfbundle; includeInIndex = 0; path = EscapingVsNonEscapingTests.xctest; sourceTree = BUILT_PRODUCTS_DIR; };
		E8C5B4F62D1EE4D60020799C /* EscapingVsNonEscapingUITests.xctest */ = {isa = PBXFileReference; explicitFileType = wrapper.cfbundle; includeInIndex = 0; path = EscapingVsNonEscapingUITests.xctest; sourceTree = BUILT_PRODUCTS_DIR; };
/* End PBXFileReference section */

/* Begin PBXFileSystemSynchronizedRootGroup section */
		E8C5B4DE2D1EE4D40020799C /* EscapingVsNonEscaping */ = {
			isa = PBXFileSystemSynchronizedRootGroup;
			path = EscapingVsNonEscaping;
			sourceTree = "<group>";
		};
		E8C5B4EF2D1EE4D60020799C /* EscapingVsNonEscapingTests */ = {
			isa = PBXFileSystemSynchronizedRootGroup;
			path = EscapingVsNonEscapingTests;
			sourceTree = "<group>";
		};
		E8C5B4F92D1EE4D60020799C /* EscapingVsNonEscapingUITests */ = {
			isa = PBXFileSystemSynchronizedRootGroup;
			path = EscapingVsNonEscapingUITests;
			sourceTree = "<group>";
		};
/* End PBXFileSystemSynchronizedRootGroup section */

/* Begin PBXFrameworksBuildPhase section */
		E8C5B4D92D1EE4D40020799C /* Frameworks */ = {
			isa = PBXFrameworksBuildPhase;
			buildActionMask = 2147483647;
			files = (
			);
			runOnlyForDeploymentPostprocessing = 0;
		};
		E8C5B4E92D1EE4D60020799C /* Frameworks */ = {
			isa = PBXFrameworksBuildPhase;
			buildActionMask = 2147483647;
			files = (
			);
			runOnlyForDeploymentPostprocessing = 0;
		};
		E8C5B4F32D1EE4D60020799C /* Frameworks */ = {
			isa = PBXFrameworksBuildPhase;
			buildActionMask = 2147483647;
			files = (
			);
			runOnlyForDeploymentPostprocessing = 0;
		};
/* End PBXFrameworksBuildPhase section */

/* Begin PBXGroup section */
		E8C5B4D32D1EE4D40020799C = {
			isa = PBXGroup;
			children = (
				E8C5B4DE2D1EE4D40020799C /* EscapingVsNonEscaping */,
				E8C5B4EF2D1EE4D60020799C /* EscapingVsNonEscapingTests */,
				E8C5B4F92D1EE4D60020799C /* EscapingVsNonEscapingUITests */,
				E8C5B4DD2D1EE4D40020799C /* Products */,
			);
			sourceTree = "<group>";
		};
		E8C5B4DD2D1EE4D40020799C /* Products */ = {
			isa = PBXGroup;
			children = (
				E8C5B4DC2D1EE4D40020799C /* EscapingVsNonEscaping.app */,
				E8C5B4EC2D1EE4D60020799C /* EscapingVsNonEscapingTests.xctest */,
				E8C5B4F62D1EE4D60020799C /* EscapingVsNonEscapingUITests.xctest */,
			);
			name = Products;
			sourceTree = "<group>";
		};
/* End PBXGroup section */

/* Begin PBXNativeTarget section */
		E8C5B4DB2D1EE4D40020799C /* EscapingVsNonEscaping */ = {
			isa = PBXNativeTarget;
			buildConfigurationList = E8C5B5002D1EE4D60020799C /* Build configuration list for PBXNativeTarget "EscapingVsNonEscaping" */;
			buildPhases = (
				E8C5B4D82D1EE4D40020799C /* Sources */,
				E8C5B4D92D1EE4D40020799C /* Frameworks */,
				E8C5B4DA2D1EE4D40020799C /* Resources */,
			);
			buildRules = (
			);
			dependencies = (
			);
			fileSystemSynchronizedGroups = (
				E8C5B4DE2D1EE4D40020799C /* EscapingVsNonEscaping */,
			);
			name = EscapingVsNonEscaping;
			packageProductDependencies = (
			);
			productName = EscapingVsNonEscaping;
			productReference = E8C5B4DC2D1EE4D40020799C /* EscapingVsNonEscaping.app */;
			productType = "com.apple.product-type.application";
		};
		E8C5B4EB2D1EE4D60020799C /* EscapingVsNonEscapingTests */ = {
			isa = PBXNativeTarget;
			buildConfigurationList = E8C5B5032D1EE4D60020799C /* Build configuration list for PBXNativeTarget "EscapingVsNonEscapingTests" */;
			buildPhases = (
				E8C5B4E82D1EE4D60020799C /* Sources */,
				E8C5B4E92D1EE4D60020799C /* Frameworks */,
				E8C5B4EA2D1EE4D60020799C /* Resources */,
			);
			buildRules = (
			);
			dependencies = (
				E8C5B4EE2D1EE4D60020799C /* PBXTargetDependency */,
			);
			fileSystemSynchronizedGroups = (
				E8C5B4EF2D1EE4D60020799C /* EscapingVsNonEscapingTests */,
			);
			name = EscapingVsNonEscapingTests;
			packageProductDependencies = (
			);
			productName = EscapingVsNonEscapingTests;
			productReference = E8C5B4EC2D1EE4D60020799C /* EscapingVsNonEscapingTests.xctest */;
			productType = "com.apple.product-type.bundle.unit-test";
		};
		E8C5B4F52D1EE4D60020799C /* EscapingVsNonEscapingUITests */ = {
			isa = PBXNativeTarget;
			buildConfigurationList = E8C5B5062D1EE4D60020799C /* Build configuration list for PBXNativeTarget "EscapingVsNonEscapingUITests" */;
			buildPhases = (
				E8C5B4F22D1EE4D60020799C /* Sources */,
				E8C5B4F32D1EE4D60020799C /* Frameworks */,
				E8C5B4F42D1EE4D60020799C /* Resources */,
			);
			buildRules = (
			);
			dependencies = (
				E8C5B4F82D1EE4D60020799C /* PBXTargetDependency */,
			);
			fileSystemSynchronizedGroups = (
				E8C5B4F92D1EE4D60020799C /* EscapingVsNonEscapingUITests */,
			);
			name = EscapingVsNonEscapingUITests;
			packageProductDependencies = (
			);
			productName = EscapingVsNonEscapingUITests;
			productReference = E8C5B4F62D1EE4D60020799C /* EscapingVsNonEscapingUITests.xctest */;
			productType = "com.apple.product-type.bundle.ui-testing";
		};
/* End PBXNativeTarget section */

/* Begin PBXProject section */
		E8C5B4D42D1EE4D40020799C /* Project object */ = {
			isa = PBXProject;
			attributes = {
				BuildIndependentTargetsInParallel = 1;
				LastSwiftUpdateCheck = 1600;
				LastUpgradeCheck = 1600;
				TargetAttributes = {
					E8C5B4DB2D1EE4D40020799C = {
						CreatedOnToolsVersion = 16.0;
					};
					E8C5B4EB2D1EE4D60020799C = {
						CreatedOnToolsVersion = 16.0;
						TestTargetID = E8C5B4DB2D1EE4D40020799C;
					};
					E8C5B4F52D1EE4D60020799C = {
						CreatedOnToolsVersion = 16.0;
						TestTargetID = E8C5B4DB2D1EE4D40020799C;
					};
				};
			};
			buildConfigurationList = E8C5B4D72D1EE4D40020799C /* Build configuration list for PBXProject "EscapingVsNonEscaping" */;
			developmentRegion = en;
			hasScannedForEncodings = 0;
			knownRegions = (
				en,
				Base,
			);
			mainGroup = E8C5B4D32D1EE4D40020799C;
			minimizedProjectReferenceProxies = 1;
			preferredProjectObjectVersion = 77;
			productRefGroup = E8C5B4DD2D1EE4D40020799C /* Products */;
			projectDirPath = "";
			projectRoot = "";
			targets = (
				E8C5B4DB2D1EE4D40020799C /* EscapingVsNonEscaping */,
				E8C5B4EB2D1EE4D60020799C /* EscapingVsNonEscapingTests */,
				E8C5B4F52D1EE4D60020799C /* EscapingVsNonEscapingUITests */,
			);
		};
/* End PBXProject section */

/* Begin PBXResourcesBuildPhase section */
		E8C5B4DA2D1EE4D40020799C /* Resources */ = {
			isa = PBXResourcesBuildPhase;
			buildActionMask = 2147483647;
			files = (
			);
			runOnlyForDeploymentPostprocessing = 0;
		};
		E8C5B4EA2D1EE4D60020799C /* Resources */ = {
			isa = PBXResourcesBuildPhase;
			buildActionMask = 2147483647;
			files = (
			);
			runOnlyForDeploymentPostprocessing = 0;
		};
		E8C5B4F42D1EE4D60020799C /* Resources */ = {
			isa = PBXResourcesBuildPhase;
			buildActionMask = 2147483647;
			files = (
			);
			runOnlyForDeploymentPostprocessing = 0;
		};
/* End PBXResourcesBuildPhase section */

/* Begin PBXSourcesBuildPhase section */
		E8C5B4D82D1EE4D40020799C /* Sources */ = {
			isa = PBXSourcesBuildPhase;
			buildActionMask = 2147483647;
			files = (
			);
			runOnlyForDeploymentPostprocessing = 0;
		};
		E8C5B4E82D1EE4D60020799C /* Sources */ = {
			isa = PBXSourcesBuildPhase;
			buildActionMask = 2147483647;
			files = (
			);
			runOnlyForDeploymentPostprocessing = 0;
		};
		E8C5B4F22D1EE4D60020799C /* Sources */ = {
			isa = PBXSourcesBuildPhase;
			buildActionMask = 2147483647;
			files = (
			);
			runOnlyForDeploymentPostprocessing = 0;
		};
/* End PBXSourcesBuildPhase section */

/* Begin PBXTargetDependency section */
		E8C5B4EE2D1EE4D60020799C /* PBXTargetDependency */ = {
			isa = PBXTargetDependency;
			target = E8C5B4DB2D1EE4D40020799C /* EscapingVsNonEscaping */;
			targetProxy = E8C5B4ED2D1EE4D60020799C /* PBXContainerItemProxy */;
		};
		E8C5B4F82D1EE4D60020799C /* PBXTargetDependency */ = {
			isa = PBXTargetDependency;
			target = E8C5B4DB2D1EE4D40020799C /* EscapingVsNonEscaping */;
			targetProxy = E8C5B4F72D1EE4D60020799C /* PBXContainerItemProxy */;
		};
/* End PBXTargetDependency section */

/* Begin XCBuildConfiguration section */
		E8C5B4FE2D1EE4D60020799C /* Debug */ = {
			isa = XCBuildConfiguration;
			buildSettings = {
				ALWAYS_SEARCH_USER_PATHS = NO;
				ASSETCATALOG_COMPILER_GENERATE_SWIFT_ASSET_SYMBOL_EXTENSIONS = YES;
				CLANG_ANALYZER_NONNULL = YES;
				CLANG_ANALYZER_NUMBER_OBJECT_CONVERSION = YES_AGGRESSIVE;
				CLANG_CXX_LANGUAGE_STANDARD = "gnu++20";
				CLANG_ENABLE_MODULES = YES;
				CLANG_ENABLE_OBJC_ARC = YES;
				CLANG_ENABLE_OBJC_WEAK = YES;
				CLANG_WARN_BLOCK_CAPTURE_AUTORELEASING = YES;
				CLANG_WARN_BOOL_CONVERSION = YES;
				CLANG_WARN_COMMA = YES;
				CLANG_WARN_CONSTANT_CONVERSION = YES;
				CLANG_WARN_DEPRECATED_OBJC_IMPLEMENTATIONS = YES;
				CLANG_WARN_DIRECT_OBJC_ISA_USAGE = YES_ERROR;
				CLANG_WARN_DOCUMENTATION_COMMENTS = YES;
				CLANG_WARN_EMPTY_BODY = YES;
				CLANG_WARN_ENUM_CONVERSION = YES;
				CLANG_WARN_INFINITE_RECURSION = YES;
				CLANG_WARN_INT_CONVERSION = YES;
				CLANG_WARN_NON_LITERAL_NULL_CONVERSION = YES;
				CLANG_WARN_OBJC_IMPLICIT_RETAIN_SELF = YES;
				CLANG_WARN_OBJC_LITERAL_CONVERSION = YES;
				CLANG_WARN_OBJC_ROOT_CLASS = YES_ERROR;
				CLANG_WARN_QUOTED_INCLUDE_IN_FRAMEWORK_HEADER = YES;
				CLANG_WARN_RANGE_LOOP_ANALYSIS = YES;
				CLANG_WARN_STRICT_PROTOTYPES = YES;
				CLANG_WARN_SUSPICIOUS_MOVE = YES;
				CLANG_WARN_UNGUARDED_AVAILABILITY = YES_AGGRESSIVE;
				CLANG_WARN_UNREACHABLE_CODE = YES;
				CLANG_WARN__DUPLICATE_METHOD_MATCH = YES;
				COPY_PHASE_STRIP = NO;
				DEBUG_INFORMATION_FORMAT = dwarf;
				ENABLE_STRICT_OBJC_MSGSEND = YES;
				ENABLE_TESTABILITY = YES;
				ENABLE_USER_SCRIPT_SANDBOXING = YES;
				GCC_C_LANGUAGE_STANDARD = gnu17;
				GCC_DYNAMIC_NO_PIC = NO;
				GCC_NO_COMMON_BLOCKS = YES;
				GCC_OPTIMIZATION_LEVEL = 0;
				GCC_PREPROCESSOR_DEFINITIONS = (
					"DEBUG=1",
					"$(inherited)",
				);
				GCC_WARN_64_TO_32_BIT_CONVERSION = YES;
				GCC_WARN_ABOUT_RETURN_TYPE = YES_ERROR;
				GCC_WARN_UNDECLARED_SELECTOR = YES;
				GCC_WARN_UNINITIALIZED_AUTOS = YES_AGGRESSIVE;
				GCC_WARN_UNUSED_FUNCTION = YES;
				GCC_WARN_UNUSED_VARIABLE = YES;
				IPHONEOS_DEPLOYMENT_TARGET = 18.0;
				LOCALIZATION_PREFERS_STRING_CATALOGS = YES;
				MTL_ENABLE_DEBUG_INFO = INCLUDE_SOURCE;
				MTL_FAST_MATH = YES;
				ONLY_ACTIVE_ARCH = YES;
				SDKROOT = iphoneos;
				SWIFT_ACTIVE_COMPILATION_CONDITIONS = "DEBUG $(inherited)";
				SWIFT_OPTIMIZATION_LEVEL = "-Onone";
			};
			name = Debug;
		};
		E8C5B4FF2D1EE4D60020799C /* Release */ = {
			isa = XCBuildConfiguration;
			buildSettings = {
				ALWAYS_SEARCH_USER_PATHS = NO;
				ASSETCATALOG_COMPILER_GENERATE_SWIFT_ASSET_SYMBOL_EXTENSIONS = YES;
				CLANG_ANALYZER_NONNULL = YES;
				CLANG_ANALYZER_NUMBER_OBJECT_CONVERSION = YES_AGGRESSIVE;
				CLANG_CXX_LANGUAGE_STANDARD = "gnu++20";
				CLANG_ENABLE_MODULES = YES;
				CLANG_ENABLE_OBJC_ARC = YES;
				CLANG_ENABLE_OBJC_WEAK = YES;
				CLANG_WARN_BLOCK_CAPTURE_AUTORELEASING = YES;
				CLANG_WARN_BOOL_CONVERSION = YES;
				CLANG_WARN_COMMA = YES;
				CLANG_WARN_CONSTANT_CONVERSION = YES;
				CLANG_WARN_DEPRECATED_OBJC_IMPLEMENTATIONS = YES;
				CLANG_WARN_DIRECT_OBJC_ISA_USAGE = YES_ERROR;
				CLANG_WARN_DOCUMENTATION_COMMENTS = YES;
				CLANG_WARN_EMPTY_BODY = YES;
				CLANG_WARN_ENUM_CONVERSION = YES;
				CLANG_WARN_INFINITE_RECURSION = YES;
				CLANG_WARN_INT_CONVERSION = YES;
				CLANG_WARN_NON_LITERAL_NULL_CONVERSION = YES;
				CLANG_WARN_OBJC_IMPLICIT_RETAIN_SELF = YES;
				CLANG_WARN_OBJC_LITERAL_CONVERSION = YES;
				CLANG_WARN_OBJC_ROOT_CLASS = YES_ERROR;
				CLANG_WARN_QUOTED_INCLUDE_IN_FRAMEWORK_HEADER = YES;
				CLANG_WARN_RANGE_LOOP_ANALYSIS = YES;
				CLANG_WARN_STRICT_PROTOTYPES = YES;
				CLANG_WARN_SUSPICIOUS_MOVE = YES;
				CLANG_WARN_UNGUARDED_AVAILABILITY = YES_AGGRESSIVE;
				CLANG_WARN_UNREACHABLE_CODE = YES;
				CLANG_WARN__DUPLICATE_METHOD_MATCH = YES;
				COPY_PHASE_STRIP = NO;
				DEBUG_INFORMATION_FORMAT = "dwarf-with-dsym";
				ENABLE_NS_ASSERTIONS = NO;
				ENABLE_STRICT_OBJC_MSGSEND = YES;
				ENABLE_USER_SCRIPT_SANDBOXING = YES;
				GCC_C_LANGUAGE_STANDARD = gnu17;
				GCC_NO_COMMON_BLOCKS = YES;
				GCC_WARN_64_TO_32_BIT_CONVERSION = YES;
				GCC_WARN_ABOUT_RETURN_TYPE = YES_ERROR;
				GCC_WARN_UNDECLARED_SELECTOR = YES;
				GCC_WARN_UNINITIALIZED_AUTOS = YES_AGGRESSIVE;
				GCC_WARN_UNUSED_FUNCTION = YES;
				GCC_WARN_UNUSED_VARIABLE = YES;
				IPHONEOS_DEPLOYMENT_TARGET = 18.0;
				LOCALIZATION_PREFERS_STRING_CATALOGS = YES;
				MTL_ENABLE_DEBUG_INFO = NO;
				MTL_FAST_MATH = YES;
				SDKROOT = iphoneos;
				SWIFT_COMPILATION_MODE = wholemodule;
				VALIDATE_PRODUCT = YES;
			};
			name = Release;
		};
		E8C5B5012D1EE4D60020799C /* Debug */ = {
			isa = XCBuildConfiguration;
			buildSettings = {
				ASSETCATALOG_COMPILER_APPICON_NAME = AppIcon;
				ASSETCATALOG_COMPILER_GLOBAL_ACCENT_COLOR_NAME = AccentColor;
				CODE_SIGN_STYLE = Automatic;
				CURRENT_PROJECT_VERSION = 1;
				DEVELOPMENT_ASSET_PATHS = "\"EscapingVsNonEscaping/Preview Content\"";
				ENABLE_PREVIEWS = YES;
				GENERATE_INFOPLIST_FILE = YES;
				INFOPLIST_KEY_UIApplicationSceneManifest_Generation = YES;
				INFOPLIST_KEY_UIApplicationSupportsIndirectInputEvents = YES;
				INFOPLIST_KEY_UILaunchScreen_Generation = YES;
				INFOPLIST_KEY_UISupportedInterfaceOrientations_iPad = "UIInterfaceOrientationPortrait UIInterfaceOrientationPortraitUpsideDown UIInterfaceOrientationLandscapeLeft UIInterfaceOrientationLandscapeRight";
				INFOPLIST_KEY_UISupportedInterfaceOrientations_iPhone = "UIInterfaceOrientationPortrait UIInterfaceOrientationLandscapeLeft UIInterfaceOrientationLandscapeRight";
				LD_RUNPATH_SEARCH_PATHS = (
					"$(inherited)",
					"@executable_path/Frameworks",
				);
				MARKETING_VERSION = 1.0;
				PRODUCT_BUNDLE_IDENTIFIER = com.MaraMincho.EscapingVsNonEscaping;
				PRODUCT_NAME = "$(TARGET_NAME)";
				SWIFT_EMIT_LOC_STRINGS = YES;
				SWIFT_VERSION = 5.0;
				TARGETED_DEVICE_FAMILY = "1,2";
			};
			name = Debug;
		};
		E8C5B5022D1EE4D60020799C /* Release */ = {
			isa = XCBuildConfiguration;
			buildSettings = {
				ASSETCATALOG_COMPILER_APPICON_NAME = AppIcon;
				ASSETCATALOG_COMPILER_GLOBAL_ACCENT_COLOR_NAME = AccentColor;
				CODE_SIGN_STYLE = Automatic;
				CURRENT_PROJECT_VERSION = 1;
				DEVELOPMENT_ASSET_PATHS = "\"EscapingVsNonEscaping/Preview Content\"";
				ENABLE_PREVIEWS = YES;
				GENERATE_INFOPLIST_FILE = YES;
				INFOPLIST_KEY_UIApplicationSceneManifest_Generation = YES;
				INFOPLIST_KEY_UIApplicationSupportsIndirectInputEvents = YES;
				INFOPLIST_KEY_UILaunchScreen_Generation = YES;
				INFOPLIST_KEY_UISupportedInterfaceOrientations_iPad = "UIInterfaceOrientationPortrait UIInterfaceOrientationPortraitUpsideDown UIInterfaceOrientationLandscapeLeft UIInterfaceOrientationLandscapeRight";
				INFOPLIST_KEY_UISupportedInterfaceOrientations_iPhone = "UIInterfaceOrientationPortrait UIInterfaceOrientationLandscapeLeft UIInterfaceOrientationLandscapeRight";
				LD_RUNPATH_SEARCH_PATHS = (
					"$(inherited)",
					"@executable_path/Frameworks",
				);
				MARKETING_VERSION = 1.0;
				PRODUCT_BUNDLE_IDENTIFIER = com.MaraMincho.EscapingVsNonEscaping;
				PRODUCT_NAME = "$(TARGET_NAME)";
				SWIFT_EMIT_LOC_STRINGS = YES;
				SWIFT_VERSION = 5.0;
				TARGETED_DEVICE_FAMILY = "1,2";
			};
			name = Release;
		};
		E8C5B5042D1EE4D60020799C /* Debug */ = {
			isa = XCBuildConfiguration;
			buildSettings = {
				BUNDLE_LOADER = "$(TEST_HOST)";
				CODE_SIGN_STYLE = Automatic;
				CURRENT_PROJECT_VERSION = 1;
				GENERATE_INFOPLIST_FILE = YES;
				IPHONEOS_DEPLOYMENT_TARGET = 18.0;
				MARKETING_VERSION = 1.0;
				PRODUCT_BUNDLE_IDENTIFIER = com.MaraMincho.EscapingVsNonEscapingTests;
				PRODUCT_NAME = "$(TARGET_NAME)";
				SWIFT_EMIT_LOC_STRINGS = NO;
				SWIFT_VERSION = 5.0;
				TARGETED_DEVICE_FAMILY = "1,2";
				TEST_HOST = "$(BUILT_PRODUCTS_DIR)/EscapingVsNonEscaping.app/$(BUNDLE_EXECUTABLE_FOLDER_PATH)/EscapingVsNonEscaping";
			};
			name = Debug;
		};
		E8C5B5052D1EE4D60020799C /* Release */ = {
			isa = XCBuildConfiguration;
			buildSettings = {
				BUNDLE_LOADER = "$(TEST_HOST)";
				CODE_SIGN_STYLE = Automatic;
				CURRENT_PROJECT_VERSION = 1;
				GENERATE_INFOPLIST_FILE = YES;
				IPHONEOS_DEPLOYMENT_TARGET = 18.0;
				MARKETING_VERSION = 1.0;
				PRODUCT_BUNDLE_IDENTIFIER = com.MaraMincho.EscapingVsNonEscapingTests;
				PRODUCT_NAME = "$(TARGET_NAME)";
				SWIFT_EMIT_LOC_STRINGS = NO;
				SWIFT_VERSION = 5.0;
				TARGETED_DEVICE_FAMILY = "1,2";
				TEST_HOST = "$(BUILT_PRODUCTS_DIR)/EscapingVsNonEscaping.app/$(BUNDLE_EXECUTABLE_FOLDER_PATH)/EscapingVsNonEscaping";
			};
			name = Release;
		};
		E8C5B5072D1EE4D60020799C /* Debug */ = {
			isa = XCBuildConfiguration;
			buildSettings = {
				CODE_SIGN_STYLE = Automatic;
				CURRENT_PROJECT_VERSION = 1;
				GENERATE_INFOPLIST_FILE = YES;
				MARKETING_VERSION = 1.0;
				PRODUCT_BUNDLE_IDENTIFIER = com.MaraMincho.EscapingVsNonEscapingUITests;
				PRODUCT_NAME = "$(TARGET_NAME)";
				SWIFT_EMIT_LOC_STRINGS = NO;
				SWIFT_VERSION = 5.0;
				TARGETED_DEVICE_FAMILY = "1,2";
				TEST_TARGET_NAME = EscapingVsNonEscaping;
			};
			name = Debug;
		};
		E8C5B5082D1EE4D60020799C /* Release */ = {
			isa = XCBuildConfiguration;
			buildSettings = {
				CODE_SIGN_STYLE = Automatic;
				CURRENT_PROJECT_VERSION = 1;
				GENERATE_INFOPLIST_FILE = YES;
				MARKETING_VERSION = 1.0;
				PRODUCT_BUNDLE_IDENTIFIER = com.MaraMincho.EscapingVsNonEscapingUITests;
				PRODUCT_NAME = "$(TARGET_NAME)";
				SWIFT_EMIT_LOC_STRINGS = NO;
				SWIFT_VERSION = 5.0;
				TARGETED_DEVICE_FAMILY = "1,2";
				TEST_TARGET_NAME = EscapingVsNonEscaping;
			};
			name = Release;
		};
/* End XCBuildConfiguration section */

/* Begin XCConfigurationList section */
		E8C5B4D72D1EE4D40020799C /* Build configuration list for PBXProject "EscapingVsNonEscaping" */ = {
			isa = XCConfigurationList;
			buildConfigurations = (
				E8C5B4FE2D1EE4D60020799C /* Debug */,
				E8C5B4FF2D1EE4D60020799C /* Release */,
			);
			defaultConfigurationIsVisible = 0;
			defaultConfigurationName = Release;
		};
		E8C5B5002D1EE4D60020799C /* Build configuration list for PBXNativeTarget "EscapingVsNonEscaping" */ = {
			isa = XCConfigurationList;
			buildConfigurations = (
				E8C5B5012D1EE4D60020799C /* Debug */,
				E8C5B5022D1EE4D60020799C /* Release */,
			);
			defaultConfigurationIsVisible = 0;
			defaultConfigurationName = Release;
		};
		E8C5B5032D1EE4D60020799C /* Build configuration list for PBXNativeTarget "EscapingVsNonEscapingTests" */ = {
			isa = XCConfigurationList;
			buildConfigurations = (
				E8C5B5042D1EE4D60020799C /* Debug */,
				E8C5B5052D1EE4D60020799C /* Release */,
			);
			defaultConfigurationIsVisible = 0;
			defaultConfigurationName = Release;
		};
		E8C5B5062D1EE4D60020799C /* Build configuration list for PBXNativeTarget "EscapingVsNonEscapingUITests" */ = {
			isa = XCConfigurationList;
			buildConfigurations = (
				E8C5B5072D1EE4D60020799C /* Debug */,
				E8C5B5082D1EE4D60020799C /* Release */,
			);
			defaultConfigurationIsVisible = 0;
			defaultConfigurationName = Release;
		};
/* End XCConfigurationList section */
	};
	rootObject = E8C5B4D42D1EE4D40020799C /* Project object */;
}
