// !$*UTF8*$!
{
	archiveVersion = 1;
	classes = {
	};
	objectVersion = 56;
	objects = {

/* Begin PBXBuildFile section */
		E8148B3E2A80BDD4009B048E /* AppDelegate.swift in Sources */ = {isa = PBXBuildFile; fileRef = E8148B3D2A80BDD4009B048E /* AppDelegate.swift */; };
		E8148B402A80BDD4009B048E /* SceneDelegate.swift in Sources */ = {isa = PBXBuildFile; fileRef = E8148B3F2A80BDD4009B048E /* SceneDelegate.swift */; };
		E8148B452A80BDD4009B048E /* Main.storyboard in Resources */ = {isa = PBXBuildFile; fileRef = E8148B432A80BDD4009B048E /* Main.storyboard */; };
		E8148B472A80BDD6009B048E /* Assets.xcassets in Resources */ = {isa = PBXBuildFile; fileRef = E8148B462A80BDD6009B048E /* Assets.xcassets */; };
		E8148B4A2A80BDD6009B048E /* LaunchScreen.storyboard in Resources */ = {isa = PBXBuildFile; fileRef = E8148B482A80BDD6009B048E /* LaunchScreen.storyboard */; };
		E8148B532A80BFBF009B048E /* OrdersTableViewController.swift in Sources */ = {isa = PBXBuildFile; fileRef = E8148B522A80BFBF009B048E /* OrdersTableViewController.swift */; };
		E8148B552A80C007009B048E /* AddOrderViewController.swift in Sources */ = {isa = PBXBuildFile; fileRef = E8148B542A80C007009B048E /* AddOrderViewController.swift */; };
		E8148B582A80C53C009B048E /* WebService.swift in Sources */ = {isa = PBXBuildFile; fileRef = E8148B572A80C53C009B048E /* WebService.swift */; };
		E8148B5B2A80C726009B048E /* Order.swift in Sources */ = {isa = PBXBuildFile; fileRef = E8148B5A2A80C726009B048E /* Order.swift */; };
		E8148B5E2A80CE53009B048E /* OrderViewModel.swift in Sources */ = {isa = PBXBuildFile; fileRef = E8148B5D2A80CE53009B048E /* OrderViewModel.swift */; };
		E8148B602A80D353009B048E /* AddCoffeeOrderViewModel.swift in Sources */ = {isa = PBXBuildFile; fileRef = E8148B5F2A80D353009B048E /* AddCoffeeOrderViewModel.swift */; };
/* End PBXBuildFile section */

/* Begin PBXFileReference section */
		E8148B3A2A80BDD4009B048E /* HotCoffee.app */ = {isa = PBXFileReference; explicitFileType = wrapper.application; includeInIndex = 0; path = HotCoffee.app; sourceTree = BUILT_PRODUCTS_DIR; };
		E8148B3D2A80BDD4009B048E /* AppDelegate.swift */ = {isa = PBXFileReference; lastKnownFileType = sourcecode.swift; path = AppDelegate.swift; sourceTree = "<group>"; };
		E8148B3F2A80BDD4009B048E /* SceneDelegate.swift */ = {isa = PBXFileReference; lastKnownFileType = sourcecode.swift; path = SceneDelegate.swift; sourceTree = "<group>"; };
		E8148B442A80BDD4009B048E /* Base */ = {isa = PBXFileReference; lastKnownFileType = file.storyboard; name = Base; path = Base.lproj/Main.storyboard; sourceTree = "<group>"; };
		E8148B462A80BDD6009B048E /* Assets.xcassets */ = {isa = PBXFileReference; lastKnownFileType = folder.assetcatalog; path = Assets.xcassets; sourceTree = "<group>"; };
		E8148B492A80BDD6009B048E /* Base */ = {isa = PBXFileReference; lastKnownFileType = file.storyboard; name = Base; path = Base.lproj/LaunchScreen.storyboard; sourceTree = "<group>"; };
		E8148B4B2A80BDD6009B048E /* Info.plist */ = {isa = PBXFileReference; lastKnownFileType = text.plist.xml; path = Info.plist; sourceTree = "<group>"; };
		E8148B522A80BFBF009B048E /* OrdersTableViewController.swift */ = {isa = PBXFileReference; lastKnownFileType = sourcecode.swift; path = OrdersTableViewController.swift; sourceTree = "<group>"; };
		E8148B542A80C007009B048E /* AddOrderViewController.swift */ = {isa = PBXFileReference; lastKnownFileType = sourcecode.swift; path = AddOrderViewController.swift; sourceTree = "<group>"; };
		E8148B572A80C53C009B048E /* WebService.swift */ = {isa = PBXFileReference; lastKnownFileType = sourcecode.swift; path = WebService.swift; sourceTree = "<group>"; };
		E8148B5A2A80C726009B048E /* Order.swift */ = {isa = PBXFileReference; lastKnownFileType = sourcecode.swift; path = Order.swift; sourceTree = "<group>"; };
		E8148B5D2A80CE53009B048E /* OrderViewModel.swift */ = {isa = PBXFileReference; lastKnownFileType = sourcecode.swift; path = OrderViewModel.swift; sourceTree = "<group>"; };
		E8148B5F2A80D353009B048E /* AddCoffeeOrderViewModel.swift */ = {isa = PBXFileReference; lastKnownFileType = sourcecode.swift; path = AddCoffeeOrderViewModel.swift; sourceTree = "<group>"; };
/* End PBXFileReference section */

/* Begin PBXFrameworksBuildPhase section */
		E8148B372A80BDD4009B048E /* Frameworks */ = {
			isa = PBXFrameworksBuildPhase;
			buildActionMask = 2147483647;
			files = (
			);
			runOnlyForDeploymentPostprocessing = 0;
		};
/* End PBXFrameworksBuildPhase section */

/* Begin PBXGroup section */
		E8148B312A80BDD4009B048E = {
			isa = PBXGroup;
			children = (
				E8148B3C2A80BDD4009B048E /* HotCoffee */,
				E8148B3B2A80BDD4009B048E /* Products */,
			);
			sourceTree = "<group>";
		};
		E8148B3B2A80BDD4009B048E /* Products */ = {
			isa = PBXGroup;
			children = (
				E8148B3A2A80BDD4009B048E /* HotCoffee.app */,
			);
			name = Products;
			sourceTree = "<group>";
		};
		E8148B3C2A80BDD4009B048E /* HotCoffee */ = {
			isa = PBXGroup;
			children = (
				E8148B5C2A80CE43009B048E /* ViewModel */,
				E8148B592A80C718009B048E /* Model */,
				E8148B562A80C52E009B048E /* Servcies */,
				E8148B512A80BE31009B048E /* Controllers */,
				E8148B3D2A80BDD4009B048E /* AppDelegate.swift */,
				E8148B3F2A80BDD4009B048E /* SceneDelegate.swift */,
				E8148B432A80BDD4009B048E /* Main.storyboard */,
				E8148B462A80BDD6009B048E /* Assets.xcassets */,
				E8148B482A80BDD6009B048E /* LaunchScreen.storyboard */,
				E8148B4B2A80BDD6009B048E /* Info.plist */,
			);
			path = HotCoffee;
			sourceTree = "<group>";
		};
		E8148B512A80BE31009B048E /* Controllers */ = {
			isa = PBXGroup;
			children = (
				E8148B522A80BFBF009B048E /* OrdersTableViewController.swift */,
				E8148B542A80C007009B048E /* AddOrderViewController.swift */,
			);
			path = Controllers;
			sourceTree = "<group>";
		};
		E8148B562A80C52E009B048E /* Servcies */ = {
			isa = PBXGroup;
			children = (
				E8148B572A80C53C009B048E /* WebService.swift */,
			);
			path = Servcies;
			sourceTree = "<group>";
		};
		E8148B592A80C718009B048E /* Model */ = {
			isa = PBXGroup;
			children = (
				E8148B5A2A80C726009B048E /* Order.swift */,
			);
			path = Model;
			sourceTree = "<group>";
		};
		E8148B5C2A80CE43009B048E /* ViewModel */ = {
			isa = PBXGroup;
			children = (
				E8148B5D2A80CE53009B048E /* OrderViewModel.swift */,
				E8148B5F2A80D353009B048E /* AddCoffeeOrderViewModel.swift */,
			);
			path = ViewModel;
			sourceTree = "<group>";
		};
/* End PBXGroup section */

/* Begin PBXNativeTarget section */
		E8148B392A80BDD4009B048E /* HotCoffee */ = {
			isa = PBXNativeTarget;
			buildConfigurationList = E8148B4E2A80BDD6009B048E /* Build configuration list for PBXNativeTarget "HotCoffee" */;
			buildPhases = (
				E8148B362A80BDD4009B048E /* Sources */,
				E8148B372A80BDD4009B048E /* Frameworks */,
				E8148B382A80BDD4009B048E /* Resources */,
			);
			buildRules = (
			);
			dependencies = (
			);
			name = HotCoffee;
			productName = HotCoffee;
			productReference = E8148B3A2A80BDD4009B048E /* HotCoffee.app */;
			productType = "com.apple.product-type.application";
		};
/* End PBXNativeTarget section */

/* Begin PBXProject section */
		E8148B322A80BDD4009B048E /* Project object */ = {
			isa = PBXProject;
			attributes = {
				BuildIndependentTargetsInParallel = 1;
				LastSwiftUpdateCheck = 1420;
				LastUpgradeCheck = 1420;
				TargetAttributes = {
					E8148B392A80BDD4009B048E = {
						CreatedOnToolsVersion = 14.2;
					};
				};
			};
			buildConfigurationList = E8148B352A80BDD4009B048E /* Build configuration list for PBXProject "HotCoffee" */;
			compatibilityVersion = "Xcode 14.0";
			developmentRegion = en;
			hasScannedForEncodings = 0;
			knownRegions = (
				en,
				Base,
			);
			mainGroup = E8148B312A80BDD4009B048E;
			productRefGroup = E8148B3B2A80BDD4009B048E /* Products */;
			projectDirPath = "";
			projectRoot = "";
			targets = (
				E8148B392A80BDD4009B048E /* HotCoffee */,
			);
		};
/* End PBXProject section */

/* Begin PBXResourcesBuildPhase section */
		E8148B382A80BDD4009B048E /* Resources */ = {
			isa = PBXResourcesBuildPhase;
			buildActionMask = 2147483647;
			files = (
				E8148B4A2A80BDD6009B048E /* LaunchScreen.storyboard in Resources */,
				E8148B472A80BDD6009B048E /* Assets.xcassets in Resources */,
				E8148B452A80BDD4009B048E /* Main.storyboard in Resources */,
			);
			runOnlyForDeploymentPostprocessing = 0;
		};
/* End PBXResourcesBuildPhase section */

/* Begin PBXSourcesBuildPhase section */
		E8148B362A80BDD4009B048E /* Sources */ = {
			isa = PBXSourcesBuildPhase;
			buildActionMask = 2147483647;
			files = (
				E8148B5B2A80C726009B048E /* Order.swift in Sources */,
				E8148B602A80D353009B048E /* AddCoffeeOrderViewModel.swift in Sources */,
				E8148B3E2A80BDD4009B048E /* AppDelegate.swift in Sources */,
				E8148B532A80BFBF009B048E /* OrdersTableViewController.swift in Sources */,
				E8148B402A80BDD4009B048E /* SceneDelegate.swift in Sources */,
				E8148B582A80C53C009B048E /* WebService.swift in Sources */,
				E8148B5E2A80CE53009B048E /* OrderViewModel.swift in Sources */,
				E8148B552A80C007009B048E /* AddOrderViewController.swift in Sources */,
			);
			runOnlyForDeploymentPostprocessing = 0;
		};
/* End PBXSourcesBuildPhase section */

/* Begin PBXVariantGroup section */
		E8148B432A80BDD4009B048E /* Main.storyboard */ = {
			isa = PBXVariantGroup;
			children = (
				E8148B442A80BDD4009B048E /* Base */,
			);
			name = Main.storyboard;
			sourceTree = "<group>";
		};
		E8148B482A80BDD6009B048E /* LaunchScreen.storyboard */ = {
			isa = PBXVariantGroup;
			children = (
				E8148B492A80BDD6009B048E /* Base */,
			);
			name = LaunchScreen.storyboard;
			sourceTree = "<group>";
		};
/* End PBXVariantGroup section */

/* Begin XCBuildConfiguration section */
		E8148B4C2A80BDD6009B048E /* Debug */ = {
			isa = XCBuildConfiguration;
			buildSettings = {
				ALWAYS_SEARCH_USER_PATHS = NO;
				CLANG_ANALYZER_NONNULL = YES;
				CLANG_ANALYZER_NUMBER_OBJECT_CONVERSION = YES_AGGRESSIVE;
				CLANG_CXX_LANGUAGE_STANDARD = "gnu++20";
				CLANG_ENABLE_MODULES = YES;
				CLANG_ENABLE_OBJC_ARC = YES;
				CLANG_ENABLE_OBJC_WEAK = YES;
				CLANG_WARN_BLOCK_CAPTURE_AUTORELEASING = YES;
				CLANG_WARN_BOOL_CONVERSION = YES;
				CLANG_WARN_COMMA = YES;
				CLANG_WARN_CONSTANT_CONVERSION = YES;
				CLANG_WARN_DEPRECATED_OBJC_IMPLEMENTATIONS = YES;
				CLANG_WARN_DIRECT_OBJC_ISA_USAGE = YES_ERROR;
				CLANG_WARN_DOCUMENTATION_COMMENTS = YES;
				CLANG_WARN_EMPTY_BODY = YES;
				CLANG_WARN_ENUM_CONVERSION = YES;
				CLANG_WARN_INFINITE_RECURSION = YES;
				CLANG_WARN_INT_CONVERSION = YES;
				CLANG_WARN_NON_LITERAL_NULL_CONVERSION = YES;
				CLANG_WARN_OBJC_IMPLICIT_RETAIN_SELF = YES;
				CLANG_WARN_OBJC_LITERAL_CONVERSION = YES;
				CLANG_WARN_OBJC_ROOT_CLASS = YES_ERROR;
				CLANG_WARN_QUOTED_INCLUDE_IN_FRAMEWORK_HEADER = YES;
				CLANG_WARN_RANGE_LOOP_ANALYSIS = YES;
				CLANG_WARN_STRICT_PROTOTYPES = YES;
				CLANG_WARN_SUSPICIOUS_MOVE = YES;
				CLANG_WARN_UNGUARDED_AVAILABILITY = YES_AGGRESSIVE;
				CLANG_WARN_UNREACHABLE_CODE = YES;
				CLANG_WARN__DUPLICATE_METHOD_MATCH = YES;
				COPY_PHASE_STRIP = NO;
				DEBUG_INFORMATION_FORMAT = dwarf;
				ENABLE_STRICT_OBJC_MSGSEND = YES;
				ENABLE_TESTABILITY = YES;
				GCC_C_LANGUAGE_STANDARD = gnu11;
				GCC_DYNAMIC_NO_PIC = NO;
				GCC_NO_COMMON_BLOCKS = YES;
				GCC_OPTIMIZATION_LEVEL = 0;
				GCC_PREPROCESSOR_DEFINITIONS = (
					"DEBUG=1",
					"$(inherited)",
				);
				GCC_WARN_64_TO_32_BIT_CONVERSION = YES;
				GCC_WARN_ABOUT_RETURN_TYPE = YES_ERROR;
				GCC_WARN_UNDECLARED_SELECTOR = YES;
				GCC_WARN_UNINITIALIZED_AUTOS = YES_AGGRESSIVE;
				GCC_WARN_UNUSED_FUNCTION = YES;
				GCC_WARN_UNUSED_VARIABLE = YES;
				IPHONEOS_DEPLOYMENT_TARGET = 16.2;
				MTL_ENABLE_DEBUG_INFO = INCLUDE_SOURCE;
				MTL_FAST_MATH = YES;
				ONLY_ACTIVE_ARCH = YES;
				SDKROOT = iphoneos;
				SWIFT_ACTIVE_COMPILATION_CONDITIONS = DEBUG;
				SWIFT_OPTIMIZATION_LEVEL = "-Onone";
			};
			name = Debug;
		};
		E8148B4D2A80BDD6009B048E /* Release */ = {
			isa = XCBuildConfiguration;
			buildSettings = {
				ALWAYS_SEARCH_USER_PATHS = NO;
				CLANG_ANALYZER_NONNULL = YES;
				CLANG_ANALYZER_NUMBER_OBJECT_CONVERSION = YES_AGGRESSIVE;
				CLANG_CXX_LANGUAGE_STANDARD = "gnu++20";
				CLANG_ENABLE_MODULES = YES;
				CLANG_ENABLE_OBJC_ARC = YES;
				CLANG_ENABLE_OBJC_WEAK = YES;
				CLANG_WARN_BLOCK_CAPTURE_AUTORELEASING = YES;
				CLANG_WARN_BOOL_CONVERSION = YES;
				CLANG_WARN_COMMA = YES;
				CLANG_WARN_CONSTANT_CONVERSION = YES;
				CLANG_WARN_DEPRECATED_OBJC_IMPLEMENTATIONS = YES;
				CLANG_WARN_DIRECT_OBJC_ISA_USAGE = YES_ERROR;
				CLANG_WARN_DOCUMENTATION_COMMENTS = YES;
				CLANG_WARN_EMPTY_BODY = YES;
				CLANG_WARN_ENUM_CONVERSION = YES;
				CLANG_WARN_INFINITE_RECURSION = YES;
				CLANG_WARN_INT_CONVERSION = YES;
				CLANG_WARN_NON_LITERAL_NULL_CONVERSION = YES;
				CLANG_WARN_OBJC_IMPLICIT_RETAIN_SELF = YES;
				CLANG_WARN_OBJC_LITERAL_CONVERSION = YES;
				CLANG_WARN_OBJC_ROOT_CLASS = YES_ERROR;
				CLANG_WARN_QUOTED_INCLUDE_IN_FRAMEWORK_HEADER = YES;
				CLANG_WARN_RANGE_LOOP_ANALYSIS = YES;
				CLANG_WARN_STRICT_PROTOTYPES = YES;
				CLANG_WARN_SUSPICIOUS_MOVE = YES;
				CLANG_WARN_UNGUARDED_AVAILABILITY = YES_AGGRESSIVE;
				CLANG_WARN_UNREACHABLE_CODE = YES;
				CLANG_WARN__DUPLICATE_METHOD_MATCH = YES;
				COPY_PHASE_STRIP = NO;
				DEBUG_INFORMATION_FORMAT = "dwarf-with-dsym";
				ENABLE_NS_ASSERTIONS = NO;
				ENABLE_STRICT_OBJC_MSGSEND = YES;
				GCC_C_LANGUAGE_STANDARD = gnu11;
				GCC_NO_COMMON_BLOCKS = YES;
				GCC_WARN_64_TO_32_BIT_CONVERSION = YES;
				GCC_WARN_ABOUT_RETURN_TYPE = YES_ERROR;
				GCC_WARN_UNDECLARED_SELECTOR = YES;
				GCC_WARN_UNINITIALIZED_AUTOS = YES_AGGRESSIVE;
				GCC_WARN_UNUSED_FUNCTION = YES;
				GCC_WARN_UNUSED_VARIABLE = YES;
				IPHONEOS_DEPLOYMENT_TARGET = 16.2;
				MTL_ENABLE_DEBUG_INFO = NO;
				MTL_FAST_MATH = YES;
				SDKROOT = iphoneos;
				SWIFT_COMPILATION_MODE = wholemodule;
				SWIFT_OPTIMIZATION_LEVEL = "-O";
				VALIDATE_PRODUCT = YES;
			};
			name = Release;
		};
		E8148B4F2A80BDD6009B048E /* Debug */ = {
			isa = XCBuildConfiguration;
			buildSettings = {
				ASSETCATALOG_COMPILER_APPICON_NAME = AppIcon;
				ASSETCATALOG_COMPILER_GLOBAL_ACCENT_COLOR_NAME = AccentColor;
				CODE_SIGN_STYLE = Automatic;
				CURRENT_PROJECT_VERSION = 1;
				GENERATE_INFOPLIST_FILE = YES;
				INFOPLIST_FILE = HotCoffee/Info.plist;
				INFOPLIST_KEY_UIApplicationSupportsIndirectInputEvents = YES;
				INFOPLIST_KEY_UILaunchStoryboardName = LaunchScreen;
				INFOPLIST_KEY_UIMainStoryboardFile = Main;
				INFOPLIST_KEY_UISupportedInterfaceOrientations_iPad = "UIInterfaceOrientationPortrait UIInterfaceOrientationPortraitUpsideDown UIInterfaceOrientationLandscapeLeft UIInterfaceOrientationLandscapeRight";
				INFOPLIST_KEY_UISupportedInterfaceOrientations_iPhone = "UIInterfaceOrientationPortrait UIInterfaceOrientationLandscapeLeft UIInterfaceOrientationLandscapeRight";
				LD_RUNPATH_SEARCH_PATHS = (
					"$(inherited)",
					"@executable_path/Frameworks",
				);
				MARKETING_VERSION = 1.0;
				PRODUCT_BUNDLE_IDENTIFIER = com.MaraMincho.HotCoffee;
				PRODUCT_NAME = "$(TARGET_NAME)";
				SWIFT_EMIT_LOC_STRINGS = YES;
				SWIFT_VERSION = 5.0;
				TARGETED_DEVICE_FAMILY = "1,2";
			};
			name = Debug;
		};
		E8148B502A80BDD6009B048E /* Release */ = {
			isa = XCBuildConfiguration;
			buildSettings = {
				ASSETCATALOG_COMPILER_APPICON_NAME = AppIcon;
				ASSETCATALOG_COMPILER_GLOBAL_ACCENT_COLOR_NAME = AccentColor;
				CODE_SIGN_STYLE = Automatic;
				CURRENT_PROJECT_VERSION = 1;
				GENERATE_INFOPLIST_FILE = YES;
				INFOPLIST_FILE = HotCoffee/Info.plist;
				INFOPLIST_KEY_UIApplicationSupportsIndirectInputEvents = YES;
				INFOPLIST_KEY_UILaunchStoryboardName = LaunchScreen;
				INFOPLIST_KEY_UIMainStoryboardFile = Main;
				INFOPLIST_KEY_UISupportedInterfaceOrientations_iPad = "UIInterfaceOrientationPortrait UIInterfaceOrientationPortraitUpsideDown UIInterfaceOrientationLandscapeLeft UIInterfaceOrientationLandscapeRight";
				INFOPLIST_KEY_UISupportedInterfaceOrientations_iPhone = "UIInterfaceOrientationPortrait UIInterfaceOrientationLandscapeLeft UIInterfaceOrientationLandscapeRight";
				LD_RUNPATH_SEARCH_PATHS = (
					"$(inherited)",
					"@executable_path/Frameworks",
				);
				MARKETING_VERSION = 1.0;
				PRODUCT_BUNDLE_IDENTIFIER = com.MaraMincho.HotCoffee;
				PRODUCT_NAME = "$(TARGET_NAME)";
				SWIFT_EMIT_LOC_STRINGS = YES;
				SWIFT_VERSION = 5.0;
				TARGETED_DEVICE_FAMILY = "1,2";
			};
			name = Release;
		};
/* End XCBuildConfiguration section */

/* Begin XCConfigurationList section */
		E8148B352A80BDD4009B048E /* Build configuration list for PBXProject "HotCoffee" */ = {
			isa = XCConfigurationList;
			buildConfigurations = (
				E8148B4C2A80BDD6009B048E /* Debug */,
				E8148B4D2A80BDD6009B048E /* Release */,
			);
			defaultConfigurationIsVisible = 0;
			defaultConfigurationName = Release;
		};
		E8148B4E2A80BDD6009B048E /* Build configuration list for PBXNativeTarget "HotCoffee" */ = {
			isa = XCConfigurationList;
			buildConfigurations = (
				E8148B4F2A80BDD6009B048E /* Debug */,
				E8148B502A80BDD6009B048E /* Release */,
			);
			defaultConfigurationIsVisible = 0;
			defaultConfigurationName = Release;
		};
/* End XCConfigurationList section */
	};
	rootObject = E8148B322A80BDD4009B048E /* Project object */;
}
